
Microsoft Visual Studio Solution File, Format Version 12.00
# Visual Studio Version 17
VisualStudioVersion = 17.9.34728.123
MinimumVisualStudioVersion = 10.0.40219.1
Project("{FAE04EC0-301F-11D3-BF4B-00C04F79EFBC}") = "WebShop.MVC", "WebShop.MVC.csproj", "{0EEA8959-4960-45EE-824F-3177F4A89E80}"
EndProject
Global
	GlobalSection(SolutionConfigurationPlatforms) = preSolution
		Debug|Any CPU = Debug|Any CPU
		Release|Any CPU = Release|Any CPU
	EndGlobalSection
	GlobalSection(ProjectConfigurationPlatforms) = postSolution
		{0EEA8959-4960-45EE-824F-3177F4A89E80}.Debug|Any CPU.ActiveCfg = Debug|Any CPU
		{0EEA8959-4960-45EE-824F-3177F4A89E80}.Debug|Any CPU.Build.0 = Debug|Any CPU
		{0EEA8959-4960-45EE-824F-3177F4A89E80}.Release|Any CPU.ActiveCfg = Release|Any CPU
		{0EEA8959-4960-45EE-824F-3177F4A89E80}.Release|Any CPU.Build.0 = Release|Any CPU
	EndGlobalSection
	GlobalSection(SolutionProperties) = preSolution
		HideSolutionNode = FALSE
	EndGlobalSection
	GlobalSection(ExtensibilityGlobals) = postSolution
		SolutionGuid = {9AF8CE36-FF4F-4611-B0B1-0E2439C8F931}
	EndGlobalSection
EndGlobal
